
Microsoft Visual Studio Solution File, Format Version 12.00
# Visual Studio Version 16
VisualStudioVersion = 16.0.31129.286
MinimumVisualStudioVersion = 10.0.40219.1
Project("{FAE04EC0-301F-11D3-BF4B-00C04F79EFBC}") = "VSLogIn", "VSLogIn\VSLogIn.csproj", "{FB1E20B0-E813-4684-B154-A52E7B02C7D4}"
EndProject
Global
	GlobalSection(SolutionConfigurationPlatforms) = preSolution
		Debug|Any CPU = Debug|Any CPU
		Release|Any CPU = Release|Any CPU
	EndGlobalSection
	GlobalSection(ProjectConfigurationPlatforms) = postSolution
		{FB1E20B0-E813-4684-B154-A52E7B02C7D4}.Debug|Any CPU.ActiveCfg = Debug|Any CPU
		{FB1E20B0-E813-4684-B154-A52E7B02C7D4}.Debug|Any CPU.Build.0 = Debug|Any CPU
		{FB1E20B0-E813-4684-B154-A52E7B02C7D4}.Release|Any CPU.ActiveCfg = Release|Any CPU
		{FB1E20B0-E813-4684-B154-A52E7B02C7D4}.Release|Any CPU.Build.0 = Release|Any CPU
	EndGlobalSection
	GlobalSection(SolutionProperties) = preSolution
		HideSolutionNode = FALSE
	EndGlobalSection
	GlobalSection(ExtensibilityGlobals) = postSolution
		SolutionGuid = {4A380E38-46FC-424D-8F9B-ACA32A9C0739}
	EndGlobalSection
EndGlobal
